
Microsoft Visual Studio Solution File, Format Version 12.00
Project("{2150E333-8FDC-42A3-9474-1A3956D46DE8}") = "src", "src", "{1EC7AAD9-212A-429B-B311-0464325FD764}"
EndProject
Project("{2150E333-8FDC-42A3-9474-1A3956D46DE8}") = "core", "core", "{BE069D33-45E3-4404-A3D3-31F58DC83636}"
EndProject
Project("{FAE04EC0-301F-11D3-BF4B-00C04F79EFBC}") = "Dramankadeh.Core", "Dramankadeh.Core\Dramankadeh.Core.csproj", "{7D20B797-191D-40CA-81A6-FDC2364C80BB}"
EndProject
Project("{FAE04EC0-301F-11D3-BF4B-00C04F79EFBC}") = "Darmankadeh.Core.Domain", "Darmankadeh.Core.Domain\Darmankadeh.Core.Domain.csproj", "{6254E752-70E7-44B0-92C1-B27F76DFBA95}"
EndProject
Project("{FAE04EC0-301F-11D3-BF4B-00C04F79EFBC}") = "Dramankadeh.Core.Application", "Dramankadeh.Core.Application\Dramankadeh.Core.Application.csproj", "{CA6D4245-44AE-44BB-85C1-CB243AABC1CE}"
EndProject
Project("{FAE04EC0-301F-11D3-BF4B-00C04F79EFBC}") = "Dramankadeh.Core.Persistence.Ef", "Dramankadeh.Core.Persistence.Ef\Dramankadeh.Core.Persistence.Ef.csproj", "{5D5CFD8E-B8D0-4E04-BBD8-BEAFC9FBA134}"
EndProject
Project("{2150E333-8FDC-42A3-9474-1A3956D46DE8}") = "Authentications", "Authentications", "{A45595D4-37C8-447B-8EA1-B5DE86F85DFE}"
EndProject
Project("{2150E333-8FDC-42A3-9474-1A3956D46DE8}") = "Users", "Users", "{F68B2CF9-35A0-4454-8B43-E78D24D50F05}"
EndProject
Project("{2150E333-8FDC-42A3-9474-1A3956D46DE8}") = "Infrastructure", "Infrastructure", "{EFE3237C-DC46-49C9-9D53-F10661CCD702}"
EndProject
Project("{2150E333-8FDC-42A3-9474-1A3956D46DE8}") = "Read", "Read", "{5FF33A8A-77B0-4610-926B-53207878A5CA}"
EndProject
Project("{2150E333-8FDC-42A3-9474-1A3956D46DE8}") = "Write", "Write", "{32A4477E-67FA-49F2-9975-BDC78672CA47}"
EndProject
Project("{FAE04EC0-301F-11D3-BF4B-00C04F79EFBC}") = "Authentications.Infrastructure.Persistence", "Authentications.Infrastructure.Persistence\Authentications.Infrastructure.Persistence.csproj", "{291746D9-A3D6-412C-A9D4-4465EBD87F02}"
EndProject
Project("{2150E333-8FDC-42A3-9474-1A3956D46DE8}") = "Applications", "Applications", "{402B791D-44DA-4EFB-B992-A536746B2ADA}"
EndProject
Project("{2150E333-8FDC-42A3-9474-1A3956D46DE8}") = "Facades", "Facades", "{19A981CE-F109-4706-AB3B-E62CB304EFB8}"
EndProject
Project("{2150E333-8FDC-42A3-9474-1A3956D46DE8}") = "Domains", "Domains", "{36341DCD-21E9-4165-BC19-DD452D4475F5}"
EndProject
Project("{FAE04EC0-301F-11D3-BF4B-00C04F79EFBC}") = "Dramankadeh.Core.Application.Read", "Dramankadeh.Core.Application.Read\Dramankadeh.Core.Application.Read.csproj", "{0C8D1A2A-5426-4850-B251-160F1270F761}"
EndProject
Project("{FAE04EC0-301F-11D3-BF4B-00C04F79EFBC}") = "Dramankadeh.Core.Facade", "Dramankadeh.Core.Facade\Dramankadeh.Core.Facade.csproj", "{B4A93813-EF27-42A5-9A07-AB299E98D72E}"
EndProject
Project("{FAE04EC0-301F-11D3-BF4B-00C04F79EFBC}") = "Dramankadeh.Core.Facade.Read", "Dramankadeh.Core.Facade.Read\Dramankadeh.Core.Facade.Read.csproj", "{5B75B2E6-0B3D-489A-BA71-8ACA7FA16805}"
EndProject
Project("{FAE04EC0-301F-11D3-BF4B-00C04F79EFBC}") = "Authentications.Write.Domains.Domain", "Authentications.Write.Domains.Domain\Authentications.Write.Domains.Domain.csproj", "{2671EA41-8231-4C32-BEC8-8FC0680A45EB}"
EndProject
Project("{FAE04EC0-301F-11D3-BF4B-00C04F79EFBC}") = "Authentications.Write.Domains.Domain.Test", "Authentications.Write.Domains.Domain.Test\Authentications.Write.Domains.Domain.Test.csproj", "{3275BA31-6E72-4017-BFE0-7397E46284B8}"
EndProject
Project("{2150E333-8FDC-42A3-9474-1A3956D46DE8}") = "ShareProjects", "ShareProjects", "{8AF2457F-7F8F-4B9A-A286-963C8DDBAC82}"
EndProject
Project("{FAE04EC0-301F-11D3-BF4B-00C04F79EFBC}") = "Dramankadeh.ShareProjects.ShareModel", "ShareProjects\Dramankadeh.ShareProjects.ShareModel\Dramankadeh.ShareProjects.ShareModel.csproj", "{2884855E-75B9-47E6-9B1A-67749CDB339F}"
EndProject
Project("{FAE04EC0-301F-11D3-BF4B-00C04F79EFBC}") = "Authentications.Write.Applications.Application", "Authentications.Write.Applications.Application\Authentications.Write.Applications.Application.csproj", "{15472A3D-C642-4394-BFFA-2D1416EEBA04}"
EndProject
Project("{FAE04EC0-301F-11D3-BF4B-00C04F79EFBC}") = "Authentications.Write.Applications.Application.Contract", "Authentications.Write.Applications.Application.Contract\Authentications.Write.Applications.Application.Contract.csproj", "{D495912B-EB18-4B97-8E65-EBBE0D558663}"
EndProject
Project("{FAE04EC0-301F-11D3-BF4B-00C04F79EFBC}") = "Authentications.Write.Facades.Facade", "Authentications.Write.Facades.Facade\Authentications.Write.Facades.Facade.csproj", "{2BE92B55-4314-40C7-ACBA-FEF5A8D704ED}"
EndProject
Project("{FAE04EC0-301F-11D3-BF4B-00C04F79EFBC}") = "Authentications.Write.Facades.Facade.Contract", "Authentications.Write.Facades.Facade.Contract\Authentications.Write.Facades.Facade.Contract.csproj", "{391FAF67-0715-444D-9FC1-0EA745ECD576}"
EndProject
Project("{2150E333-8FDC-42A3-9474-1A3956D46DE8}") = "Facades", "Facades", "{992B6C9B-5AD8-4C6D-9528-332B1D3EE84F}"
EndProject
Project("{FAE04EC0-301F-11D3-BF4B-00C04F79EFBC}") = "Authentications.Read.Facades.Facade.Services", "Authentications.Read.Facades.Facade.Services\Authentications.Read.Facades.Facade.Services.csproj", "{BA3B2009-B396-454A-A49B-2A5B1B11090B}"
EndProject
Project("{FAE04EC0-301F-11D3-BF4B-00C04F79EFBC}") = "Authentications.Read.Facades.Facade.Services.Contract", "Authentications.Read.Facades.Facade.Services.Contract\Authentications.Read.Facades.Facade.Services.Contract.csproj", "{BFDCE1AB-1FF7-4D7F-9DD9-42D5F01B164C}"
EndProject
Project("{FAE04EC0-301F-11D3-BF4B-00C04F79EFBC}") = "Authentications.Read.ReadModel", "Authentications.Read.ReadModel\Authentications.Read.ReadModel.csproj", "{1536E4D7-3FB6-4EDC-AFFD-0C74BE2C86A6}"
EndProject
Project("{2150E333-8FDC-42A3-9474-1A3956D46DE8}") = "Applications", "Applications", "{5DD37D16-F422-44ED-A903-78012B029D61}"
EndProject
Project("{FAE04EC0-301F-11D3-BF4B-00C04F79EFBC}") = "Authentications.Read.Applications.Application", "Authentications.Read.Applications.Application\Authentications.Read.Applications.Application.csproj", "{54110C4B-F79E-4D74-9B67-4D1771CD41EA}"
EndProject
Project("{FAE04EC0-301F-11D3-BF4B-00C04F79EFBC}") = "Authentications.Read.Applications.Application.Contract", "Authentications.Read.Applications.Application.Contract\Authentications.Read.Applications.Application.Contract.csproj", "{FE1BD810-AC33-47B6-B317-8C3EB3DAC2D7}"
EndProject
Project("{2150E333-8FDC-42A3-9474-1A3956D46DE8}") = "Infrastructure", "Infrastructure", "{51811DBC-26D1-45B3-A2B4-DC55CF06ACF2}"
EndProject
Project("{2150E333-8FDC-42A3-9474-1A3956D46DE8}") = "Read", "Read", "{5A9B2D9E-D14A-4326-9CB2-C123FA178093}"
EndProject
Project("{2150E333-8FDC-42A3-9474-1A3956D46DE8}") = "Write", "Write", "{37E34939-BA57-46A6-894B-6F142544687D}"
EndProject
Project("{2150E333-8FDC-42A3-9474-1A3956D46DE8}") = "Applications", "Applications", "{E781BB0F-E16A-4DBB-9303-77746837908F}"
EndProject
Project("{2150E333-8FDC-42A3-9474-1A3956D46DE8}") = "Facades", "Facades", "{9BA1D80C-F761-4710-8E3B-BD95ED496E21}"
EndProject
Project("{2150E333-8FDC-42A3-9474-1A3956D46DE8}") = "Domains", "Domains", "{9179C31E-2741-4BDA-B80C-30D53EBC95ED}"
EndProject
Project("{2150E333-8FDC-42A3-9474-1A3956D46DE8}") = "Applications", "Applications", "{32B5E972-3B17-4F32-BF6F-410AA2E71340}"
EndProject
Project("{2150E333-8FDC-42A3-9474-1A3956D46DE8}") = "Facades", "Facades", "{7895CAE3-7110-4396-B54B-DC6866064029}"
EndProject
Project("{FAE04EC0-301F-11D3-BF4B-00C04F79EFBC}") = "Users.Write.Facades.Facade", "Users\Users.Write.Facades.Facade\Users.Write.Facades.Facade.csproj", "{7CEA596C-40CA-45A4-A134-59438DF0D27E}"
EndProject
Project("{FAE04EC0-301F-11D3-BF4B-00C04F79EFBC}") = "Users.Write.Facades.Facade.Contract", "Users\Users.Write.Facades.Facade.Contract\Users.Write.Facades.Facade.Contract.csproj", "{FF5694D2-8940-478D-8136-878BD7D45501}"
EndProject
Project("{FAE04EC0-301F-11D3-BF4B-00C04F79EFBC}") = "Users.Write.Domains.Domain", "Users\Users.Write.Domains.Domain\Users.Write.Domains.Domain.csproj", "{7C357DD0-283F-4CE4-8867-9A21A39C1098}"
EndProject
Project("{FAE04EC0-301F-11D3-BF4B-00C04F79EFBC}") = "Users.Write.Applications.Application.Contract", "Users\Users.Write.Applications.Application.Contract\Users.Write.Applications.Application.Contract.csproj", "{1B40653E-55B6-4FB4-B9E1-D6E75C777734}"
EndProject
Project("{FAE04EC0-301F-11D3-BF4B-00C04F79EFBC}") = "Users.Write.Applications.Application", "Users\Users.Write.Applications.Application\Users.Write.Applications.Application.csproj", "{18D2E980-B354-4F50-A1C8-FCB93DAA697F}"
EndProject
Project("{FAE04EC0-301F-11D3-BF4B-00C04F79EFBC}") = "Users.Read.ReadModel", "Users\Users.Read.ReadModel\Users.Read.ReadModel.csproj", "{0366F118-40CB-4BEE-B953-03A3A6A19C07}"
EndProject
Project("{FAE04EC0-301F-11D3-BF4B-00C04F79EFBC}") = "Users.Read.Applications.Application", "Users\Users.Read.Applications.Application\Users.Read.Applications.Application.csproj", "{A6758BF3-1D0F-4B91-A7A9-048E9B16E816}"
EndProject
Project("{FAE04EC0-301F-11D3-BF4B-00C04F79EFBC}") = "Users.Read.Applications.Application.Contract", "Users\Users.Read.Applications.Application.Contract\Users.Read.Applications.Application.Contract.csproj", "{9FFEDA67-D4C5-410C-8496-D8585EDCAF5A}"
EndProject
Project("{FAE04EC0-301F-11D3-BF4B-00C04F79EFBC}") = "Users.Read.Facades.Facade.Services", "Users\Users.Read.Facades.Facade.Services\Users.Read.Facades.Facade.Services.csproj", "{D0DF8D30-603F-402F-BEDE-58DEBDE7D298}"
EndProject
Project("{FAE04EC0-301F-11D3-BF4B-00C04F79EFBC}") = "Users.Read.Facades.Facade.Services.Contract", "Users\Users.Read.Facades.Facade.Services.Contract\Users.Read.Facades.Facade.Services.Contract.csproj", "{2B5B6B64-5FDB-409C-A820-287CE0701964}"
EndProject
Project("{FAE04EC0-301F-11D3-BF4B-00C04F79EFBC}") = "Users.Infrastructure.Persistence", "Users\Users.Infrastructure.Persistence\Users.Infrastructure.Persistence.csproj", "{8EE608E1-4DF6-4133-8A1B-868C36B4A0C9}"
EndProject
Project("{FAE04EC0-301F-11D3-BF4B-00C04F79EFBC}") = "Authentication.Api", "Authentication.Api\Authentication.Api.csproj", "{A9E70AD7-CD11-4FB1-A719-BD2EBFB9BD8F}"
EndProject
Project("{FAE04EC0-301F-11D3-BF4B-00C04F79EFBC}") = "Users.Api", "Users.Api\Users.Api.csproj", "{04C402BC-5D10-4B2A-BC45-EABD72608410}"
EndProject
Global
	GlobalSection(SolutionConfigurationPlatforms) = preSolution
		Debug|Any CPU = Debug|Any CPU
		Release|Any CPU = Release|Any CPU
	EndGlobalSection
	GlobalSection(ProjectConfigurationPlatforms) = postSolution
		{7D20B797-191D-40CA-81A6-FDC2364C80BB}.Debug|Any CPU.ActiveCfg = Debug|Any CPU
		{7D20B797-191D-40CA-81A6-FDC2364C80BB}.Debug|Any CPU.Build.0 = Debug|Any CPU
		{7D20B797-191D-40CA-81A6-FDC2364C80BB}.Release|Any CPU.ActiveCfg = Release|Any CPU
		{7D20B797-191D-40CA-81A6-FDC2364C80BB}.Release|Any CPU.Build.0 = Release|Any CPU
		{6254E752-70E7-44B0-92C1-B27F76DFBA95}.Debug|Any CPU.ActiveCfg = Debug|Any CPU
		{6254E752-70E7-44B0-92C1-B27F76DFBA95}.Debug|Any CPU.Build.0 = Debug|Any CPU
		{6254E752-70E7-44B0-92C1-B27F76DFBA95}.Release|Any CPU.ActiveCfg = Release|Any CPU
		{6254E752-70E7-44B0-92C1-B27F76DFBA95}.Release|Any CPU.Build.0 = Release|Any CPU
		{CA6D4245-44AE-44BB-85C1-CB243AABC1CE}.Debug|Any CPU.ActiveCfg = Debug|Any CPU
		{CA6D4245-44AE-44BB-85C1-CB243AABC1CE}.Debug|Any CPU.Build.0 = Debug|Any CPU
		{CA6D4245-44AE-44BB-85C1-CB243AABC1CE}.Release|Any CPU.ActiveCfg = Release|Any CPU
		{CA6D4245-44AE-44BB-85C1-CB243AABC1CE}.Release|Any CPU.Build.0 = Release|Any CPU
		{5D5CFD8E-B8D0-4E04-BBD8-BEAFC9FBA134}.Debug|Any CPU.ActiveCfg = Debug|Any CPU
		{5D5CFD8E-B8D0-4E04-BBD8-BEAFC9FBA134}.Debug|Any CPU.Build.0 = Debug|Any CPU
		{5D5CFD8E-B8D0-4E04-BBD8-BEAFC9FBA134}.Release|Any CPU.ActiveCfg = Release|Any CPU
		{5D5CFD8E-B8D0-4E04-BBD8-BEAFC9FBA134}.Release|Any CPU.Build.0 = Release|Any CPU
		{291746D9-A3D6-412C-A9D4-4465EBD87F02}.Debug|Any CPU.ActiveCfg = Debug|Any CPU
		{291746D9-A3D6-412C-A9D4-4465EBD87F02}.Debug|Any CPU.Build.0 = Debug|Any CPU
		{291746D9-A3D6-412C-A9D4-4465EBD87F02}.Release|Any CPU.ActiveCfg = Release|Any CPU
		{291746D9-A3D6-412C-A9D4-4465EBD87F02}.Release|Any CPU.Build.0 = Release|Any CPU
		{0C8D1A2A-5426-4850-B251-160F1270F761}.Debug|Any CPU.ActiveCfg = Debug|Any CPU
		{0C8D1A2A-5426-4850-B251-160F1270F761}.Debug|Any CPU.Build.0 = Debug|Any CPU
		{0C8D1A2A-5426-4850-B251-160F1270F761}.Release|Any CPU.ActiveCfg = Release|Any CPU
		{0C8D1A2A-5426-4850-B251-160F1270F761}.Release|Any CPU.Build.0 = Release|Any CPU
		{B4A93813-EF27-42A5-9A07-AB299E98D72E}.Debug|Any CPU.ActiveCfg = Debug|Any CPU
		{B4A93813-EF27-42A5-9A07-AB299E98D72E}.Debug|Any CPU.Build.0 = Debug|Any CPU
		{B4A93813-EF27-42A5-9A07-AB299E98D72E}.Release|Any CPU.ActiveCfg = Release|Any CPU
		{B4A93813-EF27-42A5-9A07-AB299E98D72E}.Release|Any CPU.Build.0 = Release|Any CPU
		{5B75B2E6-0B3D-489A-BA71-8ACA7FA16805}.Debug|Any CPU.ActiveCfg = Debug|Any CPU
		{5B75B2E6-0B3D-489A-BA71-8ACA7FA16805}.Debug|Any CPU.Build.0 = Debug|Any CPU
		{5B75B2E6-0B3D-489A-BA71-8ACA7FA16805}.Release|Any CPU.ActiveCfg = Release|Any CPU
		{5B75B2E6-0B3D-489A-BA71-8ACA7FA16805}.Release|Any CPU.Build.0 = Release|Any CPU
		{2671EA41-8231-4C32-BEC8-8FC0680A45EB}.Debug|Any CPU.ActiveCfg = Debug|Any CPU
		{2671EA41-8231-4C32-BEC8-8FC0680A45EB}.Debug|Any CPU.Build.0 = Debug|Any CPU
		{2671EA41-8231-4C32-BEC8-8FC0680A45EB}.Release|Any CPU.ActiveCfg = Release|Any CPU
		{2671EA41-8231-4C32-BEC8-8FC0680A45EB}.Release|Any CPU.Build.0 = Release|Any CPU
		{3275BA31-6E72-4017-BFE0-7397E46284B8}.Debug|Any CPU.ActiveCfg = Debug|Any CPU
		{3275BA31-6E72-4017-BFE0-7397E46284B8}.Debug|Any CPU.Build.0 = Debug|Any CPU
		{3275BA31-6E72-4017-BFE0-7397E46284B8}.Release|Any CPU.ActiveCfg = Release|Any CPU
		{3275BA31-6E72-4017-BFE0-7397E46284B8}.Release|Any CPU.Build.0 = Release|Any CPU
		{2884855E-75B9-47E6-9B1A-67749CDB339F}.Debug|Any CPU.ActiveCfg = Debug|Any CPU
		{2884855E-75B9-47E6-9B1A-67749CDB339F}.Debug|Any CPU.Build.0 = Debug|Any CPU
		{2884855E-75B9-47E6-9B1A-67749CDB339F}.Release|Any CPU.ActiveCfg = Release|Any CPU
		{2884855E-75B9-47E6-9B1A-67749CDB339F}.Release|Any CPU.Build.0 = Release|Any CPU
		{15472A3D-C642-4394-BFFA-2D1416EEBA04}.Debug|Any CPU.ActiveCfg = Debug|Any CPU
		{15472A3D-C642-4394-BFFA-2D1416EEBA04}.Debug|Any CPU.Build.0 = Debug|Any CPU
		{15472A3D-C642-4394-BFFA-2D1416EEBA04}.Release|Any CPU.ActiveCfg = Release|Any CPU
		{15472A3D-C642-4394-BFFA-2D1416EEBA04}.Release|Any CPU.Build.0 = Release|Any CPU
		{D495912B-EB18-4B97-8E65-EBBE0D558663}.Debug|Any CPU.ActiveCfg = Debug|Any CPU
		{D495912B-EB18-4B97-8E65-EBBE0D558663}.Debug|Any CPU.Build.0 = Debug|Any CPU
		{D495912B-EB18-4B97-8E65-EBBE0D558663}.Release|Any CPU.ActiveCfg = Release|Any CPU
		{D495912B-EB18-4B97-8E65-EBBE0D558663}.Release|Any CPU.Build.0 = Release|Any CPU
		{2BE92B55-4314-40C7-ACBA-FEF5A8D704ED}.Debug|Any CPU.ActiveCfg = Debug|Any CPU
		{2BE92B55-4314-40C7-ACBA-FEF5A8D704ED}.Debug|Any CPU.Build.0 = Debug|Any CPU
		{2BE92B55-4314-40C7-ACBA-FEF5A8D704ED}.Release|Any CPU.ActiveCfg = Release|Any CPU
		{2BE92B55-4314-40C7-ACBA-FEF5A8D704ED}.Release|Any CPU.Build.0 = Release|Any CPU
		{391FAF67-0715-444D-9FC1-0EA745ECD576}.Debug|Any CPU.ActiveCfg = Debug|Any CPU
		{391FAF67-0715-444D-9FC1-0EA745ECD576}.Debug|Any CPU.Build.0 = Debug|Any CPU
		{391FAF67-0715-444D-9FC1-0EA745ECD576}.Release|Any CPU.ActiveCfg = Release|Any CPU
		{391FAF67-0715-444D-9FC1-0EA745ECD576}.Release|Any CPU.Build.0 = Release|Any CPU
		{BA3B2009-B396-454A-A49B-2A5B1B11090B}.Debug|Any CPU.ActiveCfg = Debug|Any CPU
		{BA3B2009-B396-454A-A49B-2A5B1B11090B}.Debug|Any CPU.Build.0 = Debug|Any CPU
		{BA3B2009-B396-454A-A49B-2A5B1B11090B}.Release|Any CPU.ActiveCfg = Release|Any CPU
		{BA3B2009-B396-454A-A49B-2A5B1B11090B}.Release|Any CPU.Build.0 = Release|Any CPU
		{BFDCE1AB-1FF7-4D7F-9DD9-42D5F01B164C}.Debug|Any CPU.ActiveCfg = Debug|Any CPU
		{BFDCE1AB-1FF7-4D7F-9DD9-42D5F01B164C}.Debug|Any CPU.Build.0 = Debug|Any CPU
		{BFDCE1AB-1FF7-4D7F-9DD9-42D5F01B164C}.Release|Any CPU.ActiveCfg = Release|Any CPU
		{BFDCE1AB-1FF7-4D7F-9DD9-42D5F01B164C}.Release|Any CPU.Build.0 = Release|Any CPU
		{1536E4D7-3FB6-4EDC-AFFD-0C74BE2C86A6}.Debug|Any CPU.ActiveCfg = Debug|Any CPU
		{1536E4D7-3FB6-4EDC-AFFD-0C74BE2C86A6}.Debug|Any CPU.Build.0 = Debug|Any CPU
		{1536E4D7-3FB6-4EDC-AFFD-0C74BE2C86A6}.Release|Any CPU.ActiveCfg = Release|Any CPU
		{1536E4D7-3FB6-4EDC-AFFD-0C74BE2C86A6}.Release|Any CPU.Build.0 = Release|Any CPU
		{54110C4B-F79E-4D74-9B67-4D1771CD41EA}.Debug|Any CPU.ActiveCfg = Debug|Any CPU
		{54110C4B-F79E-4D74-9B67-4D1771CD41EA}.Debug|Any CPU.Build.0 = Debug|Any CPU
		{54110C4B-F79E-4D74-9B67-4D1771CD41EA}.Release|Any CPU.ActiveCfg = Release|Any CPU
		{54110C4B-F79E-4D74-9B67-4D1771CD41EA}.Release|Any CPU.Build.0 = Release|Any CPU
		{FE1BD810-AC33-47B6-B317-8C3EB3DAC2D7}.Debug|Any CPU.ActiveCfg = Debug|Any CPU
		{FE1BD810-AC33-47B6-B317-8C3EB3DAC2D7}.Debug|Any CPU.Build.0 = Debug|Any CPU
		{FE1BD810-AC33-47B6-B317-8C3EB3DAC2D7}.Release|Any CPU.ActiveCfg = Release|Any CPU
		{FE1BD810-AC33-47B6-B317-8C3EB3DAC2D7}.Release|Any CPU.Build.0 = Release|Any CPU
		{7CEA596C-40CA-45A4-A134-59438DF0D27E}.Debug|Any CPU.ActiveCfg = Debug|Any CPU
		{7CEA596C-40CA-45A4-A134-59438DF0D27E}.Debug|Any CPU.Build.0 = Debug|Any CPU
		{7CEA596C-40CA-45A4-A134-59438DF0D27E}.Release|Any CPU.ActiveCfg = Release|Any CPU
		{7CEA596C-40CA-45A4-A134-59438DF0D27E}.Release|Any CPU.Build.0 = Release|Any CPU
		{FF5694D2-8940-478D-8136-878BD7D45501}.Debug|Any CPU.ActiveCfg = Debug|Any CPU
		{FF5694D2-8940-478D-8136-878BD7D45501}.Debug|Any CPU.Build.0 = Debug|Any CPU
		{FF5694D2-8940-478D-8136-878BD7D45501}.Release|Any CPU.ActiveCfg = Release|Any CPU
		{FF5694D2-8940-478D-8136-878BD7D45501}.Release|Any CPU.Build.0 = Release|Any CPU
		{7C357DD0-283F-4CE4-8867-9A21A39C1098}.Debug|Any CPU.ActiveCfg = Debug|Any CPU
		{7C357DD0-283F-4CE4-8867-9A21A39C1098}.Debug|Any CPU.Build.0 = Debug|Any CPU
		{7C357DD0-283F-4CE4-8867-9A21A39C1098}.Release|Any CPU.ActiveCfg = Release|Any CPU
		{7C357DD0-283F-4CE4-8867-9A21A39C1098}.Release|Any CPU.Build.0 = Release|Any CPU
		{1B40653E-55B6-4FB4-B9E1-D6E75C777734}.Debug|Any CPU.ActiveCfg = Debug|Any CPU
		{1B40653E-55B6-4FB4-B9E1-D6E75C777734}.Debug|Any CPU.Build.0 = Debug|Any CPU
		{1B40653E-55B6-4FB4-B9E1-D6E75C777734}.Release|Any CPU.ActiveCfg = Release|Any CPU
		{1B40653E-55B6-4FB4-B9E1-D6E75C777734}.Release|Any CPU.Build.0 = Release|Any CPU
		{18D2E980-B354-4F50-A1C8-FCB93DAA697F}.Debug|Any CPU.ActiveCfg = Debug|Any CPU
		{18D2E980-B354-4F50-A1C8-FCB93DAA697F}.Debug|Any CPU.Build.0 = Debug|Any CPU
		{18D2E980-B354-4F50-A1C8-FCB93DAA697F}.Release|Any CPU.ActiveCfg = Release|Any CPU
		{18D2E980-B354-4F50-A1C8-FCB93DAA697F}.Release|Any CPU.Build.0 = Release|Any CPU
		{0366F118-40CB-4BEE-B953-03A3A6A19C07}.Debug|Any CPU.ActiveCfg = Debug|Any CPU
		{0366F118-40CB-4BEE-B953-03A3A6A19C07}.Debug|Any CPU.Build.0 = Debug|Any CPU
		{0366F118-40CB-4BEE-B953-03A3A6A19C07}.Release|Any CPU.ActiveCfg = Release|Any CPU
		{0366F118-40CB-4BEE-B953-03A3A6A19C07}.Release|Any CPU.Build.0 = Release|Any CPU
		{A6758BF3-1D0F-4B91-A7A9-048E9B16E816}.Debug|Any CPU.ActiveCfg = Debug|Any CPU
		{A6758BF3-1D0F-4B91-A7A9-048E9B16E816}.Debug|Any CPU.Build.0 = Debug|Any CPU
		{A6758BF3-1D0F-4B91-A7A9-048E9B16E816}.Release|Any CPU.ActiveCfg = Release|Any CPU
		{A6758BF3-1D0F-4B91-A7A9-048E9B16E816}.Release|Any CPU.Build.0 = Release|Any CPU
		{9FFEDA67-D4C5-410C-8496-D8585EDCAF5A}.Debug|Any CPU.ActiveCfg = Debug|Any CPU
		{9FFEDA67-D4C5-410C-8496-D8585EDCAF5A}.Debug|Any CPU.Build.0 = Debug|Any CPU
		{9FFEDA67-D4C5-410C-8496-D8585EDCAF5A}.Release|Any CPU.ActiveCfg = Release|Any CPU
		{9FFEDA67-D4C5-410C-8496-D8585EDCAF5A}.Release|Any CPU.Build.0 = Release|Any CPU
		{D0DF8D30-603F-402F-BEDE-58DEBDE7D298}.Debug|Any CPU.ActiveCfg = Debug|Any CPU
		{D0DF8D30-603F-402F-BEDE-58DEBDE7D298}.Debug|Any CPU.Build.0 = Debug|Any CPU
		{D0DF8D30-603F-402F-BEDE-58DEBDE7D298}.Release|Any CPU.ActiveCfg = Release|Any CPU
		{D0DF8D30-603F-402F-BEDE-58DEBDE7D298}.Release|Any CPU.Build.0 = Release|Any CPU
		{2B5B6B64-5FDB-409C-A820-287CE0701964}.Debug|Any CPU.ActiveCfg = Debug|Any CPU
		{2B5B6B64-5FDB-409C-A820-287CE0701964}.Debug|Any CPU.Build.0 = Debug|Any CPU
		{2B5B6B64-5FDB-409C-A820-287CE0701964}.Release|Any CPU.ActiveCfg = Release|Any CPU
		{2B5B6B64-5FDB-409C-A820-287CE0701964}.Release|Any CPU.Build.0 = Release|Any CPU
		{8EE608E1-4DF6-4133-8A1B-868C36B4A0C9}.Debug|Any CPU.ActiveCfg = Debug|Any CPU
		{8EE608E1-4DF6-4133-8A1B-868C36B4A0C9}.Debug|Any CPU.Build.0 = Debug|Any CPU
		{8EE608E1-4DF6-4133-8A1B-868C36B4A0C9}.Release|Any CPU.ActiveCfg = Release|Any CPU
		{8EE608E1-4DF6-4133-8A1B-868C36B4A0C9}.Release|Any CPU.Build.0 = Release|Any CPU
		{A9E70AD7-CD11-4FB1-A719-BD2EBFB9BD8F}.Debug|Any CPU.ActiveCfg = Debug|Any CPU
		{A9E70AD7-CD11-4FB1-A719-BD2EBFB9BD8F}.Debug|Any CPU.Build.0 = Debug|Any CPU
		{A9E70AD7-CD11-4FB1-A719-BD2EBFB9BD8F}.Release|Any CPU.ActiveCfg = Release|Any CPU
		{A9E70AD7-CD11-4FB1-A719-BD2EBFB9BD8F}.Release|Any CPU.Build.0 = Release|Any CPU
		{04C402BC-5D10-4B2A-BC45-EABD72608410}.Debug|Any CPU.ActiveCfg = Debug|Any CPU
		{04C402BC-5D10-4B2A-BC45-EABD72608410}.Debug|Any CPU.Build.0 = Debug|Any CPU
		{04C402BC-5D10-4B2A-BC45-EABD72608410}.Release|Any CPU.ActiveCfg = Release|Any CPU
		{04C402BC-5D10-4B2A-BC45-EABD72608410}.Release|Any CPU.Build.0 = Release|Any CPU
	EndGlobalSection
	GlobalSection(NestedProjects) = preSolution
		{BE069D33-45E3-4404-A3D3-31F58DC83636} = {1EC7AAD9-212A-429B-B311-0464325FD764}
		{7D20B797-191D-40CA-81A6-FDC2364C80BB} = {BE069D33-45E3-4404-A3D3-31F58DC83636}
		{6254E752-70E7-44B0-92C1-B27F76DFBA95} = {BE069D33-45E3-4404-A3D3-31F58DC83636}
		{CA6D4245-44AE-44BB-85C1-CB243AABC1CE} = {BE069D33-45E3-4404-A3D3-31F58DC83636}
		{5D5CFD8E-B8D0-4E04-BBD8-BEAFC9FBA134} = {BE069D33-45E3-4404-A3D3-31F58DC83636}
		{A45595D4-37C8-447B-8EA1-B5DE86F85DFE} = {1EC7AAD9-212A-429B-B311-0464325FD764}
		{F68B2CF9-35A0-4454-8B43-E78D24D50F05} = {1EC7AAD9-212A-429B-B311-0464325FD764}
		{EFE3237C-DC46-49C9-9D53-F10661CCD702} = {A45595D4-37C8-447B-8EA1-B5DE86F85DFE}
		{5FF33A8A-77B0-4610-926B-53207878A5CA} = {A45595D4-37C8-447B-8EA1-B5DE86F85DFE}
		{32A4477E-67FA-49F2-9975-BDC78672CA47} = {A45595D4-37C8-447B-8EA1-B5DE86F85DFE}
		{291746D9-A3D6-412C-A9D4-4465EBD87F02} = {EFE3237C-DC46-49C9-9D53-F10661CCD702}
		{402B791D-44DA-4EFB-B992-A536746B2ADA} = {32A4477E-67FA-49F2-9975-BDC78672CA47}
		{19A981CE-F109-4706-AB3B-E62CB304EFB8} = {32A4477E-67FA-49F2-9975-BDC78672CA47}
		{36341DCD-21E9-4165-BC19-DD452D4475F5} = {32A4477E-67FA-49F2-9975-BDC78672CA47}
		{0C8D1A2A-5426-4850-B251-160F1270F761} = {BE069D33-45E3-4404-A3D3-31F58DC83636}
		{B4A93813-EF27-42A5-9A07-AB299E98D72E} = {BE069D33-45E3-4404-A3D3-31F58DC83636}
		{5B75B2E6-0B3D-489A-BA71-8ACA7FA16805} = {BE069D33-45E3-4404-A3D3-31F58DC83636}
		{2671EA41-8231-4C32-BEC8-8FC0680A45EB} = {36341DCD-21E9-4165-BC19-DD452D4475F5}
		{3275BA31-6E72-4017-BFE0-7397E46284B8} = {36341DCD-21E9-4165-BC19-DD452D4475F5}
		{8AF2457F-7F8F-4B9A-A286-963C8DDBAC82} = {1EC7AAD9-212A-429B-B311-0464325FD764}
		{2884855E-75B9-47E6-9B1A-67749CDB339F} = {8AF2457F-7F8F-4B9A-A286-963C8DDBAC82}
		{15472A3D-C642-4394-BFFA-2D1416EEBA04} = {402B791D-44DA-4EFB-B992-A536746B2ADA}
		{D495912B-EB18-4B97-8E65-EBBE0D558663} = {402B791D-44DA-4EFB-B992-A536746B2ADA}
		{2BE92B55-4314-40C7-ACBA-FEF5A8D704ED} = {19A981CE-F109-4706-AB3B-E62CB304EFB8}
		{391FAF67-0715-444D-9FC1-0EA745ECD576} = {19A981CE-F109-4706-AB3B-E62CB304EFB8}
		{992B6C9B-5AD8-4C6D-9528-332B1D3EE84F} = {5FF33A8A-77B0-4610-926B-53207878A5CA}
		{BA3B2009-B396-454A-A49B-2A5B1B11090B} = {992B6C9B-5AD8-4C6D-9528-332B1D3EE84F}
		{BFDCE1AB-1FF7-4D7F-9DD9-42D5F01B164C} = {992B6C9B-5AD8-4C6D-9528-332B1D3EE84F}
		{1536E4D7-3FB6-4EDC-AFFD-0C74BE2C86A6} = {5FF33A8A-77B0-4610-926B-53207878A5CA}
		{5DD37D16-F422-44ED-A903-78012B029D61} = {5FF33A8A-77B0-4610-926B-53207878A5CA}
		{54110C4B-F79E-4D74-9B67-4D1771CD41EA} = {5DD37D16-F422-44ED-A903-78012B029D61}
		{FE1BD810-AC33-47B6-B317-8C3EB3DAC2D7} = {5DD37D16-F422-44ED-A903-78012B029D61}
		{51811DBC-26D1-45B3-A2B4-DC55CF06ACF2} = {F68B2CF9-35A0-4454-8B43-E78D24D50F05}
		{5A9B2D9E-D14A-4326-9CB2-C123FA178093} = {F68B2CF9-35A0-4454-8B43-E78D24D50F05}
		{37E34939-BA57-46A6-894B-6F142544687D} = {F68B2CF9-35A0-4454-8B43-E78D24D50F05}
		{E781BB0F-E16A-4DBB-9303-77746837908F} = {37E34939-BA57-46A6-894B-6F142544687D}
		{9BA1D80C-F761-4710-8E3B-BD95ED496E21} = {37E34939-BA57-46A6-894B-6F142544687D}
		{9179C31E-2741-4BDA-B80C-30D53EBC95ED} = {37E34939-BA57-46A6-894B-6F142544687D}
		{32B5E972-3B17-4F32-BF6F-410AA2E71340} = {5A9B2D9E-D14A-4326-9CB2-C123FA178093}
		{7895CAE3-7110-4396-B54B-DC6866064029} = {5A9B2D9E-D14A-4326-9CB2-C123FA178093}
		{7CEA596C-40CA-45A4-A134-59438DF0D27E} = {9BA1D80C-F761-4710-8E3B-BD95ED496E21}
		{FF5694D2-8940-478D-8136-878BD7D45501} = {9BA1D80C-F761-4710-8E3B-BD95ED496E21}
		{7C357DD0-283F-4CE4-8867-9A21A39C1098} = {9179C31E-2741-4BDA-B80C-30D53EBC95ED}
		{1B40653E-55B6-4FB4-B9E1-D6E75C777734} = {E781BB0F-E16A-4DBB-9303-77746837908F}
		{18D2E980-B354-4F50-A1C8-FCB93DAA697F} = {E781BB0F-E16A-4DBB-9303-77746837908F}
		{0366F118-40CB-4BEE-B953-03A3A6A19C07} = {5A9B2D9E-D14A-4326-9CB2-C123FA178093}
		{A6758BF3-1D0F-4B91-A7A9-048E9B16E816} = {32B5E972-3B17-4F32-BF6F-410AA2E71340}
		{9FFEDA67-D4C5-410C-8496-D8585EDCAF5A} = {32B5E972-3B17-4F32-BF6F-410AA2E71340}
		{D0DF8D30-603F-402F-BEDE-58DEBDE7D298} = {7895CAE3-7110-4396-B54B-DC6866064029}
		{2B5B6B64-5FDB-409C-A820-287CE0701964} = {7895CAE3-7110-4396-B54B-DC6866064029}
		{8EE608E1-4DF6-4133-8A1B-868C36B4A0C9} = {51811DBC-26D1-45B3-A2B4-DC55CF06ACF2}
		{A9E70AD7-CD11-4FB1-A719-BD2EBFB9BD8F} = {A45595D4-37C8-447B-8EA1-B5DE86F85DFE}
		{04C402BC-5D10-4B2A-BC45-EABD72608410} = {F68B2CF9-35A0-4454-8B43-E78D24D50F05}
	EndGlobalSection
EndGlobal
